PODS:
  - AFNetworking/NSURLSession (3.0.4):
    - AFNetworking/Reachability
    - AFNetworking/Security
    - AFNetworking/Serialization
  - AFNetworking/Reachability (3.0.4)
  - AFNetworking/Security (3.0.4)
  - AFNetworking/Serialization (3.0.4)
  - BDBOAuth1Manager (2.0.0):
    - AFNetworking/NSURLSession (~> 3.0.0)
  - CDYelpKit (0.9.1):
    - CDYelpKit/V2 (= 0.9.1)
  - CDYelpKit/V2 (0.9.1):
    - CDYelpKit/V2/Core (= 0.9.1)
    - CDYelpKit/V2/DeepLink (= 0.9.1)
    - CDYelpKit/V2/OAuth (= 0.9.1)
  - CDYelpKit/V2/Core (0.9.1):
    - CDYelpKit/V2/OAuth
    - Overcoat (~> 4.0.0-beta.2)
  - CDYelpKit/V2/DeepLink (0.9.1)
  - CDYelpKit/V2/OAuth (0.9.1):
    - BDBOAuth1Manager (~> 2.0.0)
  - Mantle (2.0.7):
    - Mantle/extobjc (= 2.0.7)
  - Mantle/extobjc (2.0.7)
  - Overcoat (4.0.0-beta.2):
    - AFNetworking/NSURLSession (~> 3.0)
    - AFNetworking/Serialization (~> 3.0)
    - Mantle (~> 2.0)

DEPENDENCIES:
  - CDYelpKit (from `../`)

EXTERNAL SOURCES:
  CDYelpKit:
    :path: "../"

SPEC CHECKSUMS:
  AFNetworking: a0075feb321559dc78d9d85b55d11caa19eabb93
  BDBOAuth1Manager: 92d17d06f8a648602962304cd2f35ae7394fa001
  CDYelpKit: e549fad102640620b925cf9e62b8fdf2b6ccd6bd
  Mantle: bc40bb061d8c2c6fb48d5083e04d928c3b7f73d9
  Overcoat: 2ddaa6d66edebc375f3e24a37974631d5aff7ebe

PODFILE CHECKSUM: f986aae814e65c4f83920bc780f248ebc2c35b94

COCOAPODS: 1.0.1
